
Microsoft Visual Studio Solution File, Format Version 12.00
# Visual Studio Version 16
VisualStudioVersion = 16.0.31129.286
MinimumVisualStudioVersion = 10.0.40219.1
Project("{FAE04EC0-301F-11D3-BF4B-00C04F79EFBC}") = "fw.webApplication", "fw.webApplication\fw.webApplication.csproj", "{CAC3927F-F262-4DAB-876E-EC706896CD6E}"
EndProject
Project("{2150E333-8FDC-42A3-9474-1A3956D46DE8}") = "thirdLib", "thirdLib", "{C0C07F8D-77CA-4AB5-866E-019D7A5E8CC1}"
	ProjectSection(SolutionItems) = preProject
		fw.dll\Aspose.Cells.dll = fw.dll\Aspose.Cells.dll
		fw.dll\Aspose.Words.dll = fw.dll\Aspose.Words.dll
		fw.dll\Common.Logging.dll = fw.dll\Common.Logging.dll
		fw.dll\Commons.dll = fw.dll\Commons.dll
		fw.dll\ess_net_api.dll = fw.dll\ess_net_api.dll
		fw.dll\ess_ss_api.dll = fw.dll\ess_ss_api.dll
		fw.dll\fw.dll = fw.dll\fw.dll
		fw.dll\fw.fwSSO.dll = fw.dll\fw.fwSSO.dll
		fw.dll\fw.m.sysManage.data.dll = fw.dll\fw.m.sysManage.data.dll
		fw.dll\fw.m.sysManage.dll = fw.dll\fw.m.sysManage.dll
		fw.dll\fw.m.thirdService.data.dll = fw.dll\fw.m.thirdService.data.dll
		fw.dll\fw.m.thirdService.dll = fw.dll\fw.m.thirdService.dll
		fw.dll\fw.m.userLogin.data.dll = fw.dll\fw.m.userLogin.data.dll
		fw.dll\fw.m.userLogin.dll = fw.dll\fw.m.userLogin.dll
		fw.dll\ICSharpCode.SharpZipLib.dll = fw.dll\ICSharpCode.SharpZipLib.dll
		fw.dll\Interop.SpeechLib.dll = fw.dll\Interop.SpeechLib.dll
		fw.dll\jpush-api.dll = fw.dll\jpush-api.dll
		fw.dll\log4net.dll = fw.dll\log4net.dll
		fw.dll\Memcached.ClientLibrary.dll = fw.dll\Memcached.ClientLibrary.dll
		fw.dll\memcached.exe = fw.dll\memcached.exe
		fw.dll\Newtonsoft.Json.dll = fw.dll\Newtonsoft.Json.dll
		fw.dll\Quartz.dll = fw.dll\Quartz.dll
		fw.dll\ThoughtWorks.QRCode.dll = fw.dll\ThoughtWorks.QRCode.dll
	EndProjectSection
EndProject
Project("{FAE04EC0-301F-11D3-BF4B-00C04F79EFBC}") = "fw.m.sysBasicManage.data", "fw.m.sysBasicManage.data\fw.m.sysBasicManage.data.csproj", "{9429D5D4-7D9F-41AF-8C13-CA4C5C96C77E}"
EndProject
Project("{FAE04EC0-301F-11D3-BF4B-00C04F79EFBC}") = "fw.m.sysBasicManage", "fw.m.sysBasicManage\fw.m.sysBasicManage.csproj", "{B9578EA6-3945-49C1-96D2-7426435FE78F}"
EndProject
Project("{FAE04EC0-301F-11D3-BF4B-00C04F79EFBC}") = "fw.m.basicInfo", "fw.m.basicInfo\fw.m.basicInfo.csproj", "{4B025103-49F0-4FE4-B639-B55B73B49472}"
EndProject
Project("{FAE04EC0-301F-11D3-BF4B-00C04F79EFBC}") = "fw.m.basicInfo.data", "fw.m.basicInfo.data\fw.m.basicInfo.data.csproj", "{6507C0D8-C019-4A8F-A963-5969C23314BB}"
EndProject
Project("{FAE04EC0-301F-11D3-BF4B-00C04F79EFBC}") = "fw.m.operationMaintenance", "fw.m.operationMaintenance\fw.m.operationMaintenance.csproj", "{B26D35E5-D65F-44FE-86E2-6321A3091F74}"
EndProject
Project("{FAE04EC0-301F-11D3-BF4B-00C04F79EFBC}") = "fw.m.operationMaintenance.data", "fw.m.operationMaintenance.data\fw.m.operationMaintenance.data.csproj", "{888204BE-0250-4CD0-BA77-B5F26E9EB56E}"
EndProject
Project("{FAE04EC0-301F-11D3-BF4B-00C04F79EFBC}") = "fw.m.autoMonitor", "fw.m.autoMonitor\fw.m.autoMonitor.csproj", "{951F66BE-7FA5-4386-8F19-069D35B0D2BD}"
EndProject
Project("{FAE04EC0-301F-11D3-BF4B-00C04F79EFBC}") = "fw.m.autoMonitor.data", "fw.m.autoMonitor.data\fw.m.autoMonitor.data.csproj", "{FFEA4E3C-955B-41A0-80ED-82E7DFDDD8FD}"
EndProject
Project("{FAE04EC0-301F-11D3-BF4B-00C04F79EFBC}") = "fw.windowsService", "fw.windowsService\fw.windowsService.csproj", "{B3491F65-A26C-45DC-8A63-2D467BDF63D4}"
EndProject
Project("{FAE04EC0-301F-11D3-BF4B-00C04F79EFBC}") = "fw.m.Common", "fw.m.Common\fw.m.Common.csproj", "{F906DED5-33AD-4894-81DC-9E3722D51CD8}"
EndProject
Project("{FAE04EC0-301F-11D3-BF4B-00C04F79EFBC}") = "fw.m.sysManageAdapter", "sysManageAdapter\fw.m.sysManageAdapter.csproj", "{2029543F-CE7D-43F2-8A7D-99B9A3D0A2B4}"
EndProject
Project("{FAE04EC0-301F-11D3-BF4B-00C04F79EFBC}") = "fw.mqttService", "fw.mqttService\fw.mqttService.csproj", "{ADF6DDFB-E1F4-458D-AAA8-AE496DA6EBCA}"
EndProject
Project("{FAE04EC0-301F-11D3-BF4B-00C04F79EFBC}") = "fw.mqttClient", "fw.mqttClient\fw.mqttClient.csproj", "{F219E7E3-CE46-4F40-822F-92E1D7980859}"
EndProject
Project("{FAE04EC0-301F-11D3-BF4B-00C04F79EFBC}") = "Debugging", "Debugging\Debugging.csproj", "{26024519-A446-4075-92C6-90EA5990DF43}"
EndProject
Project("{FAE04EC0-301F-11D3-BF4B-00C04F79EFBC}") = "fw.winservice.mqtt", "fw.winservice.mqtt\fw.winservice.mqtt.csproj", "{E7319166-94B2-42C9-AAA3-EA9A7A1E858D}"
EndProject
Project("{FAE04EC0-301F-11D3-BF4B-00C04F79EFBC}") = "fw.winservice.db", "fw.winservice.db\fw.winservice.db.csproj", "{48EAEFC2-403B-4C8C-B29E-527F3BC03BE1}"
EndProject
Global
	GlobalSection(SolutionConfigurationPlatforms) = preSolution
		Debug|Any CPU = Debug|Any CPU
		Debug|Mixed Platforms = Debug|Mixed Platforms
		Debug|x64 = Debug|x64
		Debug|x86 = Debug|x86
		Release|Any CPU = Release|Any CPU
		Release|Mixed Platforms = Release|Mixed Platforms
		Release|x64 = Release|x64
		Release|x86 = Release|x86
	EndGlobalSection
	GlobalSection(ProjectConfigurationPlatforms) = postSolution
		{CAC3927F-F262-4DAB-876E-EC706896CD6E}.Debug|Any CPU.ActiveCfg = Debug|Any CPU
		{CAC3927F-F262-4DAB-876E-EC706896CD6E}.Debug|Any CPU.Build.0 = Debug|Any CPU
		{CAC3927F-F262-4DAB-876E-EC706896CD6E}.Debug|Mixed Platforms.ActiveCfg = Debug|Any CPU
		{CAC3927F-F262-4DAB-876E-EC706896CD6E}.Debug|Mixed Platforms.Build.0 = Debug|Any CPU
		{CAC3927F-F262-4DAB-876E-EC706896CD6E}.Debug|x64.ActiveCfg = Debug|Any CPU
		{CAC3927F-F262-4DAB-876E-EC706896CD6E}.Debug|x86.ActiveCfg = Debug|Any CPU
		{CAC3927F-F262-4DAB-876E-EC706896CD6E}.Release|Any CPU.ActiveCfg = Release|Any CPU
		{CAC3927F-F262-4DAB-876E-EC706896CD6E}.Release|Mixed Platforms.ActiveCfg = Release|Any CPU
		{CAC3927F-F262-4DAB-876E-EC706896CD6E}.Release|Mixed Platforms.Build.0 = Release|Any CPU
		{CAC3927F-F262-4DAB-876E-EC706896CD6E}.Release|x64.ActiveCfg = Release|Any CPU
		{CAC3927F-F262-4DAB-876E-EC706896CD6E}.Release|x86.ActiveCfg = Release|Any CPU
		{9429D5D4-7D9F-41AF-8C13-CA4C5C96C77E}.Debug|Any CPU.ActiveCfg = Debug|Any CPU
		{9429D5D4-7D9F-41AF-8C13-CA4C5C96C77E}.Debug|Any CPU.Build.0 = Debug|Any CPU
		{9429D5D4-7D9F-41AF-8C13-CA4C5C96C77E}.Debug|Mixed Platforms.ActiveCfg = Debug|Any CPU
		{9429D5D4-7D9F-41AF-8C13-CA4C5C96C77E}.Debug|Mixed Platforms.Build.0 = Debug|Any CPU
		{9429D5D4-7D9F-41AF-8C13-CA4C5C96C77E}.Debug|x64.ActiveCfg = Debug|Any CPU
		{9429D5D4-7D9F-41AF-8C13-CA4C5C96C77E}.Debug|x86.ActiveCfg = Debug|Any CPU
		{9429D5D4-7D9F-41AF-8C13-CA4C5C96C77E}.Release|Any CPU.ActiveCfg = Release|Any CPU
		{9429D5D4-7D9F-41AF-8C13-CA4C5C96C77E}.Release|Any CPU.Build.0 = Release|Any CPU
		{9429D5D4-7D9F-41AF-8C13-CA4C5C96C77E}.Release|Mixed Platforms.ActiveCfg = Release|Any CPU
		{9429D5D4-7D9F-41AF-8C13-CA4C5C96C77E}.Release|Mixed Platforms.Build.0 = Release|Any CPU
		{9429D5D4-7D9F-41AF-8C13-CA4C5C96C77E}.Release|x64.ActiveCfg = Release|Any CPU
		{9429D5D4-7D9F-41AF-8C13-CA4C5C96C77E}.Release|x86.ActiveCfg = Release|Any CPU
		{B9578EA6-3945-49C1-96D2-7426435FE78F}.Debug|Any CPU.ActiveCfg = Debug|Any CPU
		{B9578EA6-3945-49C1-96D2-7426435FE78F}.Debug|Any CPU.Build.0 = Debug|Any CPU
		{B9578EA6-3945-49C1-96D2-7426435FE78F}.Debug|Mixed Platforms.ActiveCfg = Debug|Any CPU
		{B9578EA6-3945-49C1-96D2-7426435FE78F}.Debug|Mixed Platforms.Build.0 = Debug|Any CPU
		{B9578EA6-3945-49C1-96D2-7426435FE78F}.Debug|x64.ActiveCfg = Debug|Any CPU
		{B9578EA6-3945-49C1-96D2-7426435FE78F}.Debug|x86.ActiveCfg = Debug|Any CPU
		{B9578EA6-3945-49C1-96D2-7426435FE78F}.Release|Any CPU.ActiveCfg = Release|Any CPU
		{B9578EA6-3945-49C1-96D2-7426435FE78F}.Release|Any CPU.Build.0 = Release|Any CPU
		{B9578EA6-3945-49C1-96D2-7426435FE78F}.Release|Mixed Platforms.ActiveCfg = Release|Any CPU
		{B9578EA6-3945-49C1-96D2-7426435FE78F}.Release|Mixed Platforms.Build.0 = Release|Any CPU
		{B9578EA6-3945-49C1-96D2-7426435FE78F}.Release|x64.ActiveCfg = Release|Any CPU
		{B9578EA6-3945-49C1-96D2-7426435FE78F}.Release|x86.ActiveCfg = Release|Any CPU
		{4B025103-49F0-4FE4-B639-B55B73B49472}.Debug|Any CPU.ActiveCfg = Debug|Any CPU
		{4B025103-49F0-4FE4-B639-B55B73B49472}.Debug|Any CPU.Build.0 = Debug|Any CPU
		{4B025103-49F0-4FE4-B639-B55B73B49472}.Debug|Mixed Platforms.ActiveCfg = Debug|Any CPU
		{4B025103-49F0-4FE4-B639-B55B73B49472}.Debug|Mixed Platforms.Build.0 = Debug|Any CPU
		{4B025103-49F0-4FE4-B639-B55B73B49472}.Debug|x64.ActiveCfg = Debug|Any CPU
		{4B025103-49F0-4FE4-B639-B55B73B49472}.Debug|x86.ActiveCfg = Debug|Any CPU
		{4B025103-49F0-4FE4-B639-B55B73B49472}.Release|Any CPU.ActiveCfg = Release|Any CPU
		{4B025103-49F0-4FE4-B639-B55B73B49472}.Release|Any CPU.Build.0 = Release|Any CPU
		{4B025103-49F0-4FE4-B639-B55B73B49472}.Release|Mixed Platforms.ActiveCfg = Release|Any CPU
		{4B025103-49F0-4FE4-B639-B55B73B49472}.Release|Mixed Platforms.Build.0 = Release|Any CPU
		{4B025103-49F0-4FE4-B639-B55B73B49472}.Release|x64.ActiveCfg = Release|Any CPU
		{4B025103-49F0-4FE4-B639-B55B73B49472}.Release|x86.ActiveCfg = Release|Any CPU
		{6507C0D8-C019-4A8F-A963-5969C23314BB}.Debug|Any CPU.ActiveCfg = Debug|Any CPU
		{6507C0D8-C019-4A8F-A963-5969C23314BB}.Debug|Any CPU.Build.0 = Debug|Any CPU
		{6507C0D8-C019-4A8F-A963-5969C23314BB}.Debug|Mixed Platforms.ActiveCfg = Debug|Any CPU
		{6507C0D8-C019-4A8F-A963-5969C23314BB}.Debug|Mixed Platforms.Build.0 = Debug|Any CPU
		{6507C0D8-C019-4A8F-A963-5969C23314BB}.Debug|x64.ActiveCfg = Debug|Any CPU
		{6507C0D8-C019-4A8F-A963-5969C23314BB}.Debug|x86.ActiveCfg = Debug|Any CPU
		{6507C0D8-C019-4A8F-A963-5969C23314BB}.Release|Any CPU.ActiveCfg = Release|Any CPU
		{6507C0D8-C019-4A8F-A963-5969C23314BB}.Release|Any CPU.Build.0 = Release|Any CPU
		{6507C0D8-C019-4A8F-A963-5969C23314BB}.Release|Mixed Platforms.ActiveCfg = Release|Any CPU
		{6507C0D8-C019-4A8F-A963-5969C23314BB}.Release|Mixed Platforms.Build.0 = Release|Any CPU
		{6507C0D8-C019-4A8F-A963-5969C23314BB}.Release|x64.ActiveCfg = Release|Any CPU
		{6507C0D8-C019-4A8F-A963-5969C23314BB}.Release|x86.ActiveCfg = Release|Any CPU
		{B26D35E5-D65F-44FE-86E2-6321A3091F74}.Debug|Any CPU.ActiveCfg = Debug|Any CPU
		{B26D35E5-D65F-44FE-86E2-6321A3091F74}.Debug|Any CPU.Build.0 = Debug|Any CPU
		{B26D35E5-D65F-44FE-86E2-6321A3091F74}.Debug|Mixed Platforms.ActiveCfg = Debug|Any CPU
		{B26D35E5-D65F-44FE-86E2-6321A3091F74}.Debug|Mixed Platforms.Build.0 = Debug|Any CPU
		{B26D35E5-D65F-44FE-86E2-6321A3091F74}.Debug|x64.ActiveCfg = Debug|Any CPU
		{B26D35E5-D65F-44FE-86E2-6321A3091F74}.Debug|x86.ActiveCfg = Debug|Any CPU
		{B26D35E5-D65F-44FE-86E2-6321A3091F74}.Release|Any CPU.ActiveCfg = Release|Any CPU
		{B26D35E5-D65F-44FE-86E2-6321A3091F74}.Release|Any CPU.Build.0 = Release|Any CPU
		{B26D35E5-D65F-44FE-86E2-6321A3091F74}.Release|Mixed Platforms.ActiveCfg = Release|Any CPU
		{B26D35E5-D65F-44FE-86E2-6321A3091F74}.Release|Mixed Platforms.Build.0 = Release|Any CPU
		{B26D35E5-D65F-44FE-86E2-6321A3091F74}.Release|x64.ActiveCfg = Release|Any CPU
		{B26D35E5-D65F-44FE-86E2-6321A3091F74}.Release|x86.ActiveCfg = Release|Any CPU
		{888204BE-0250-4CD0-BA77-B5F26E9EB56E}.Debug|Any CPU.ActiveCfg = Debug|Any CPU
		{888204BE-0250-4CD0-BA77-B5F26E9EB56E}.Debug|Any CPU.Build.0 = Debug|Any CPU
		{888204BE-0250-4CD0-BA77-B5F26E9EB56E}.Debug|Mixed Platforms.ActiveCfg = Debug|Any CPU
		{888204BE-0250-4CD0-BA77-B5F26E9EB56E}.Debug|Mixed Platforms.Build.0 = Debug|Any CPU
		{888204BE-0250-4CD0-BA77-B5F26E9EB56E}.Debug|x64.ActiveCfg = Debug|Any CPU
		{888204BE-0250-4CD0-BA77-B5F26E9EB56E}.Debug|x86.ActiveCfg = Debug|Any CPU
		{888204BE-0250-4CD0-BA77-B5F26E9EB56E}.Release|Any CPU.ActiveCfg = Release|Any CPU
		{888204BE-0250-4CD0-BA77-B5F26E9EB56E}.Release|Any CPU.Build.0 = Release|Any CPU
		{888204BE-0250-4CD0-BA77-B5F26E9EB56E}.Release|Mixed Platforms.ActiveCfg = Release|Any CPU
		{888204BE-0250-4CD0-BA77-B5F26E9EB56E}.Release|Mixed Platforms.Build.0 = Release|Any CPU
		{888204BE-0250-4CD0-BA77-B5F26E9EB56E}.Release|x64.ActiveCfg = Release|Any CPU
		{888204BE-0250-4CD0-BA77-B5F26E9EB56E}.Release|x86.ActiveCfg = Release|Any CPU
		{951F66BE-7FA5-4386-8F19-069D35B0D2BD}.Debug|Any CPU.ActiveCfg = Debug|Any CPU
		{951F66BE-7FA5-4386-8F19-069D35B0D2BD}.Debug|Any CPU.Build.0 = Debug|Any CPU
		{951F66BE-7FA5-4386-8F19-069D35B0D2BD}.Debug|Mixed Platforms.ActiveCfg = Debug|Any CPU
		{951F66BE-7FA5-4386-8F19-069D35B0D2BD}.Debug|Mixed Platforms.Build.0 = Debug|Any CPU
		{951F66BE-7FA5-4386-8F19-069D35B0D2BD}.Debug|x64.ActiveCfg = Debug|Any CPU
		{951F66BE-7FA5-4386-8F19-069D35B0D2BD}.Debug|x86.ActiveCfg = Debug|Any CPU
		{951F66BE-7FA5-4386-8F19-069D35B0D2BD}.Release|Any CPU.ActiveCfg = Release|Any CPU
		{951F66BE-7FA5-4386-8F19-069D35B0D2BD}.Release|Any CPU.Build.0 = Release|Any CPU
		{951F66BE-7FA5-4386-8F19-069D35B0D2BD}.Release|Mixed Platforms.ActiveCfg = Release|Any CPU
		{951F66BE-7FA5-4386-8F19-069D35B0D2BD}.Release|Mixed Platforms.Build.0 = Release|Any CPU
		{951F66BE-7FA5-4386-8F19-069D35B0D2BD}.Release|x64.ActiveCfg = Release|Any CPU
		{951F66BE-7FA5-4386-8F19-069D35B0D2BD}.Release|x86.ActiveCfg = Release|Any CPU
		{FFEA4E3C-955B-41A0-80ED-82E7DFDDD8FD}.Debug|Any CPU.ActiveCfg = Debug|Any CPU
		{FFEA4E3C-955B-41A0-80ED-82E7DFDDD8FD}.Debug|Any CPU.Build.0 = Debug|Any CPU
		{FFEA4E3C-955B-41A0-80ED-82E7DFDDD8FD}.Debug|Mixed Platforms.ActiveCfg = Debug|Any CPU
		{FFEA4E3C-955B-41A0-80ED-82E7DFDDD8FD}.Debug|Mixed Platforms.Build.0 = Debug|Any CPU
		{FFEA4E3C-955B-41A0-80ED-82E7DFDDD8FD}.Debug|x64.ActiveCfg = Debug|Any CPU
		{FFEA4E3C-955B-41A0-80ED-82E7DFDDD8FD}.Debug|x86.ActiveCfg = Debug|Any CPU
		{FFEA4E3C-955B-41A0-80ED-82E7DFDDD8FD}.Release|Any CPU.ActiveCfg = Release|Any CPU
		{FFEA4E3C-955B-41A0-80ED-82E7DFDDD8FD}.Release|Any CPU.Build.0 = Release|Any CPU
		{FFEA4E3C-955B-41A0-80ED-82E7DFDDD8FD}.Release|Mixed Platforms.ActiveCfg = Release|Any CPU
		{FFEA4E3C-955B-41A0-80ED-82E7DFDDD8FD}.Release|Mixed Platforms.Build.0 = Release|Any CPU
		{FFEA4E3C-955B-41A0-80ED-82E7DFDDD8FD}.Release|x64.ActiveCfg = Release|Any CPU
		{FFEA4E3C-955B-41A0-80ED-82E7DFDDD8FD}.Release|x86.ActiveCfg = Release|Any CPU
		{B3491F65-A26C-45DC-8A63-2D467BDF63D4}.Debug|Any CPU.ActiveCfg = Debug|x86
		{B3491F65-A26C-45DC-8A63-2D467BDF63D4}.Debug|Mixed Platforms.ActiveCfg = Debug|x86
		{B3491F65-A26C-45DC-8A63-2D467BDF63D4}.Debug|Mixed Platforms.Build.0 = Debug|x86
		{B3491F65-A26C-45DC-8A63-2D467BDF63D4}.Debug|x64.ActiveCfg = Debug|x86
		{B3491F65-A26C-45DC-8A63-2D467BDF63D4}.Debug|x86.ActiveCfg = Debug|x86
		{B3491F65-A26C-45DC-8A63-2D467BDF63D4}.Debug|x86.Build.0 = Debug|x86
		{B3491F65-A26C-45DC-8A63-2D467BDF63D4}.Release|Any CPU.ActiveCfg = Release|x86
		{B3491F65-A26C-45DC-8A63-2D467BDF63D4}.Release|Mixed Platforms.ActiveCfg = Release|x86
		{B3491F65-A26C-45DC-8A63-2D467BDF63D4}.Release|Mixed Platforms.Build.0 = Release|x86
		{B3491F65-A26C-45DC-8A63-2D467BDF63D4}.Release|x64.ActiveCfg = Release|x86
		{B3491F65-A26C-45DC-8A63-2D467BDF63D4}.Release|x86.ActiveCfg = Release|x86
		{B3491F65-A26C-45DC-8A63-2D467BDF63D4}.Release|x86.Build.0 = Release|x86
		{F906DED5-33AD-4894-81DC-9E3722D51CD8}.Debug|Any CPU.ActiveCfg = Debug|Any CPU
		{F906DED5-33AD-4894-81DC-9E3722D51CD8}.Debug|Any CPU.Build.0 = Debug|Any CPU
		{F906DED5-33AD-4894-81DC-9E3722D51CD8}.Debug|Mixed Platforms.ActiveCfg = Debug|Any CPU
		{F906DED5-33AD-4894-81DC-9E3722D51CD8}.Debug|Mixed Platforms.Build.0 = Debug|Any CPU
		{F906DED5-33AD-4894-81DC-9E3722D51CD8}.Debug|x64.ActiveCfg = Debug|Any CPU
		{F906DED5-33AD-4894-81DC-9E3722D51CD8}.Debug|x86.ActiveCfg = Debug|Any CPU
		{F906DED5-33AD-4894-81DC-9E3722D51CD8}.Release|Any CPU.ActiveCfg = Release|Any CPU
		{F906DED5-33AD-4894-81DC-9E3722D51CD8}.Release|Any CPU.Build.0 = Release|Any CPU
		{F906DED5-33AD-4894-81DC-9E3722D51CD8}.Release|Mixed Platforms.ActiveCfg = Release|Any CPU
		{F906DED5-33AD-4894-81DC-9E3722D51CD8}.Release|Mixed Platforms.Build.0 = Release|Any CPU
		{F906DED5-33AD-4894-81DC-9E3722D51CD8}.Release|x64.ActiveCfg = Release|Any CPU
		{F906DED5-33AD-4894-81DC-9E3722D51CD8}.Release|x86.ActiveCfg = Release|Any CPU
		{2029543F-CE7D-43F2-8A7D-99B9A3D0A2B4}.Debug|Any CPU.ActiveCfg = Debug|Any CPU
		{2029543F-CE7D-43F2-8A7D-99B9A3D0A2B4}.Debug|Any CPU.Build.0 = Debug|Any CPU
		{2029543F-CE7D-43F2-8A7D-99B9A3D0A2B4}.Debug|Mixed Platforms.ActiveCfg = Debug|Any CPU
		{2029543F-CE7D-43F2-8A7D-99B9A3D0A2B4}.Debug|Mixed Platforms.Build.0 = Debug|Any CPU
		{2029543F-CE7D-43F2-8A7D-99B9A3D0A2B4}.Debug|x64.ActiveCfg = Debug|Any CPU
		{2029543F-CE7D-43F2-8A7D-99B9A3D0A2B4}.Debug|x86.ActiveCfg = Debug|Any CPU
		{2029543F-CE7D-43F2-8A7D-99B9A3D0A2B4}.Release|Any CPU.ActiveCfg = Release|Any CPU
		{2029543F-CE7D-43F2-8A7D-99B9A3D0A2B4}.Release|Any CPU.Build.0 = Release|Any CPU
		{2029543F-CE7D-43F2-8A7D-99B9A3D0A2B4}.Release|Mixed Platforms.ActiveCfg = Release|Any CPU
		{2029543F-CE7D-43F2-8A7D-99B9A3D0A2B4}.Release|Mixed Platforms.Build.0 = Release|Any CPU
		{2029543F-CE7D-43F2-8A7D-99B9A3D0A2B4}.Release|x64.ActiveCfg = Release|Any CPU
		{2029543F-CE7D-43F2-8A7D-99B9A3D0A2B4}.Release|x86.ActiveCfg = Release|Any CPU
		{ADF6DDFB-E1F4-458D-AAA8-AE496DA6EBCA}.Debug|Any CPU.ActiveCfg = Debug|Any CPU
		{ADF6DDFB-E1F4-458D-AAA8-AE496DA6EBCA}.Debug|Any CPU.Build.0 = Debug|Any CPU
		{ADF6DDFB-E1F4-458D-AAA8-AE496DA6EBCA}.Debug|Mixed Platforms.ActiveCfg = Debug|Any CPU
		{ADF6DDFB-E1F4-458D-AAA8-AE496DA6EBCA}.Debug|Mixed Platforms.Build.0 = Debug|Any CPU
		{ADF6DDFB-E1F4-458D-AAA8-AE496DA6EBCA}.Debug|x64.ActiveCfg = Debug|Any CPU
		{ADF6DDFB-E1F4-458D-AAA8-AE496DA6EBCA}.Debug|x64.Build.0 = Debug|Any CPU
		{ADF6DDFB-E1F4-458D-AAA8-AE496DA6EBCA}.Debug|x86.ActiveCfg = Debug|Any CPU
		{ADF6DDFB-E1F4-458D-AAA8-AE496DA6EBCA}.Debug|x86.Build.0 = Debug|Any CPU
		{ADF6DDFB-E1F4-458D-AAA8-AE496DA6EBCA}.Release|Any CPU.ActiveCfg = Release|Any CPU
		{ADF6DDFB-E1F4-458D-AAA8-AE496DA6EBCA}.Release|Any CPU.Build.0 = Release|Any CPU
		{ADF6DDFB-E1F4-458D-AAA8-AE496DA6EBCA}.Release|Mixed Platforms.ActiveCfg = Release|Any CPU
		{ADF6DDFB-E1F4-458D-AAA8-AE496DA6EBCA}.Release|Mixed Platforms.Build.0 = Release|Any CPU
		{ADF6DDFB-E1F4-458D-AAA8-AE496DA6EBCA}.Release|x64.ActiveCfg = Release|Any CPU
		{ADF6DDFB-E1F4-458D-AAA8-AE496DA6EBCA}.Release|x64.Build.0 = Release|Any CPU
		{ADF6DDFB-E1F4-458D-AAA8-AE496DA6EBCA}.Release|x86.ActiveCfg = Release|Any CPU
		{ADF6DDFB-E1F4-458D-AAA8-AE496DA6EBCA}.Release|x86.Build.0 = Release|Any CPU
		{F219E7E3-CE46-4F40-822F-92E1D7980859}.Debug|Any CPU.ActiveCfg = Debug|Any CPU
		{F219E7E3-CE46-4F40-822F-92E1D7980859}.Debug|Any CPU.Build.0 = Debug|Any CPU
		{F219E7E3-CE46-4F40-822F-92E1D7980859}.Debug|Mixed Platforms.ActiveCfg = Debug|Any CPU
		{F219E7E3-CE46-4F40-822F-92E1D7980859}.Debug|Mixed Platforms.Build.0 = Debug|Any CPU
		{F219E7E3-CE46-4F40-822F-92E1D7980859}.Debug|x64.ActiveCfg = Debug|Any CPU
		{F219E7E3-CE46-4F40-822F-92E1D7980859}.Debug|x64.Build.0 = Debug|Any CPU
		{F219E7E3-CE46-4F40-822F-92E1D7980859}.Debug|x86.ActiveCfg = Debug|Any CPU
		{F219E7E3-CE46-4F40-822F-92E1D7980859}.Debug|x86.Build.0 = Debug|Any CPU
		{F219E7E3-CE46-4F40-822F-92E1D7980859}.Release|Any CPU.ActiveCfg = Release|Any CPU
		{F219E7E3-CE46-4F40-822F-92E1D7980859}.Release|Any CPU.Build.0 = Release|Any CPU
		{F219E7E3-CE46-4F40-822F-92E1D7980859}.Release|Mixed Platforms.ActiveCfg = Release|Any CPU
		{F219E7E3-CE46-4F40-822F-92E1D7980859}.Release|Mixed Platforms.Build.0 = Release|Any CPU
		{F219E7E3-CE46-4F40-822F-92E1D7980859}.Release|x64.ActiveCfg = Release|Any CPU
		{F219E7E3-CE46-4F40-822F-92E1D7980859}.Release|x64.Build.0 = Release|Any CPU
		{F219E7E3-CE46-4F40-822F-92E1D7980859}.Release|x86.ActiveCfg = Release|Any CPU
		{F219E7E3-CE46-4F40-822F-92E1D7980859}.Release|x86.Build.0 = Release|Any CPU
		{26024519-A446-4075-92C6-90EA5990DF43}.Debug|Any CPU.ActiveCfg = Debug|Any CPU
		{26024519-A446-4075-92C6-90EA5990DF43}.Debug|Any CPU.Build.0 = Debug|Any CPU
		{26024519-A446-4075-92C6-90EA5990DF43}.Debug|Mixed Platforms.ActiveCfg = Debug|Any CPU
		{26024519-A446-4075-92C6-90EA5990DF43}.Debug|Mixed Platforms.Build.0 = Debug|Any CPU
		{26024519-A446-4075-92C6-90EA5990DF43}.Debug|x64.ActiveCfg = Debug|Any CPU
		{26024519-A446-4075-92C6-90EA5990DF43}.Debug|x64.Build.0 = Debug|Any CPU
		{26024519-A446-4075-92C6-90EA5990DF43}.Debug|x86.ActiveCfg = Debug|Any CPU
		{26024519-A446-4075-92C6-90EA5990DF43}.Debug|x86.Build.0 = Debug|Any CPU
		{26024519-A446-4075-92C6-90EA5990DF43}.Release|Any CPU.ActiveCfg = Release|Any CPU
		{26024519-A446-4075-92C6-90EA5990DF43}.Release|Any CPU.Build.0 = Release|Any CPU
		{26024519-A446-4075-92C6-90EA5990DF43}.Release|Mixed Platforms.ActiveCfg = Release|Any CPU
		{26024519-A446-4075-92C6-90EA5990DF43}.Release|Mixed Platforms.Build.0 = Release|Any CPU
		{26024519-A446-4075-92C6-90EA5990DF43}.Release|x64.ActiveCfg = Release|Any CPU
		{26024519-A446-4075-92C6-90EA5990DF43}.Release|x64.Build.0 = Release|Any CPU
		{26024519-A446-4075-92C6-90EA5990DF43}.Release|x86.ActiveCfg = Release|Any CPU
		{26024519-A446-4075-92C6-90EA5990DF43}.Release|x86.Build.0 = Release|Any CPU
		{E7319166-94B2-42C9-AAA3-EA9A7A1E858D}.Debug|Any CPU.ActiveCfg = Debug|Any CPU
		{E7319166-94B2-42C9-AAA3-EA9A7A1E858D}.Debug|Any CPU.Build.0 = Debug|Any CPU
		{E7319166-94B2-42C9-AAA3-EA9A7A1E858D}.Debug|Mixed Platforms.ActiveCfg = Debug|Any CPU
		{E7319166-94B2-42C9-AAA3-EA9A7A1E858D}.Debug|Mixed Platforms.Build.0 = Debug|Any CPU
		{E7319166-94B2-42C9-AAA3-EA9A7A1E858D}.Debug|x64.ActiveCfg = Debug|Any CPU
		{E7319166-94B2-42C9-AAA3-EA9A7A1E858D}.Debug|x64.Build.0 = Debug|Any CPU
		{E7319166-94B2-42C9-AAA3-EA9A7A1E858D}.Debug|x86.ActiveCfg = Debug|Any CPU
		{E7319166-94B2-42C9-AAA3-EA9A7A1E858D}.Debug|x86.Build.0 = Debug|Any CPU
		{E7319166-94B2-42C9-AAA3-EA9A7A1E858D}.Release|Any CPU.ActiveCfg = Release|Any CPU
		{E7319166-94B2-42C9-AAA3-EA9A7A1E858D}.Release|Any CPU.Build.0 = Release|Any CPU
		{E7319166-94B2-42C9-AAA3-EA9A7A1E858D}.Release|Mixed Platforms.ActiveCfg = Release|Any CPU
		{E7319166-94B2-42C9-AAA3-EA9A7A1E858D}.Release|Mixed Platforms.Build.0 = Release|Any CPU
		{E7319166-94B2-42C9-AAA3-EA9A7A1E858D}.Release|x64.ActiveCfg = Release|Any CPU
		{E7319166-94B2-42C9-AAA3-EA9A7A1E858D}.Release|x64.Build.0 = Release|Any CPU
		{E7319166-94B2-42C9-AAA3-EA9A7A1E858D}.Release|x86.ActiveCfg = Release|Any CPU
		{E7319166-94B2-42C9-AAA3-EA9A7A1E858D}.Release|x86.Build.0 = Release|Any CPU
		{48EAEFC2-403B-4C8C-B29E-527F3BC03BE1}.Debug|Any CPU.ActiveCfg = Debug|Any CPU
		{48EAEFC2-403B-4C8C-B29E-527F3BC03BE1}.Debug|Any CPU.Build.0 = Debug|Any CPU
		{48EAEFC2-403B-4C8C-B29E-527F3BC03BE1}.Debug|Mixed Platforms.ActiveCfg = Debug|Any CPU
		{48EAEFC2-403B-4C8C-B29E-527F3BC03BE1}.Debug|Mixed Platforms.Build.0 = Debug|Any CPU
		{48EAEFC2-403B-4C8C-B29E-527F3BC03BE1}.Debug|x64.ActiveCfg = Debug|Any CPU
		{48EAEFC2-403B-4C8C-B29E-527F3BC03BE1}.Debug|x64.Build.0 = Debug|Any CPU
		{48EAEFC2-403B-4C8C-B29E-527F3BC03BE1}.Debug|x86.ActiveCfg = Debug|Any CPU
		{48EAEFC2-403B-4C8C-B29E-527F3BC03BE1}.Debug|x86.Build.0 = Debug|Any CPU
		{48EAEFC2-403B-4C8C-B29E-527F3BC03BE1}.Release|Any CPU.ActiveCfg = Release|Any CPU
		{48EAEFC2-403B-4C8C-B29E-527F3BC03BE1}.Release|Any CPU.Build.0 = Release|Any CPU
		{48EAEFC2-403B-4C8C-B29E-527F3BC03BE1}.Release|Mixed Platforms.ActiveCfg = Release|Any CPU
		{48EAEFC2-403B-4C8C-B29E-527F3BC03BE1}.Release|Mixed Platforms.Build.0 = Release|Any CPU
		{48EAEFC2-403B-4C8C-B29E-527F3BC03BE1}.Release|x64.ActiveCfg = Release|Any CPU
		{48EAEFC2-403B-4C8C-B29E-527F3BC03BE1}.Release|x64.Build.0 = Release|Any CPU
		{48EAEFC2-403B-4C8C-B29E-527F3BC03BE1}.Release|x86.ActiveCfg = Release|Any CPU
		{48EAEFC2-403B-4C8C-B29E-527F3BC03BE1}.Release|x86.Build.0 = Release|Any CPU
	EndGlobalSection
	GlobalSection(SolutionProperties) = preSolution
		HideSolutionNode = FALSE
	EndGlobalSection
	GlobalSection(ExtensibilityGlobals) = postSolution
		SolutionGuid = {AD881309-48E9-4D06-AC29-9B5F58002A79}
	EndGlobalSection
	GlobalSection(SubversionScc) = preSolution
		Svn-Managed = True
		Manager = AnkhSVN - Subversion Support for Visual Studio
	EndGlobalSection
EndGlobal
